
Microsoft Visual Studio Solution File, Format Version 12.00
# Visual Studio Version 16
VisualStudioVersion = 16.0.30804.86
MinimumVisualStudioVersion = 10.0.40219.1
Project("{FAE04EC0-301F-11D3-BF4B-00C04F79EFBC}") = "ExToolsForExcelTest", "ExToolsForExcelTest\ExToolsForExcelTest.csproj", "{5637ED34-2F89-474E-A30C-D2E59DD61C61}"
EndProject
Global
	GlobalSection(SolutionConfigurationPlatforms) = preSolution
		Debug|Any CPU = Debug|Any CPU
		Release|Any CPU = Release|Any CPU
	EndGlobalSection
	GlobalSection(ProjectConfigurationPlatforms) = postSolution
		{5637ED34-2F89-474E-A30C-D2E59DD61C61}.Debug|Any CPU.ActiveCfg = Debug|Any CPU
		{5637ED34-2F89-474E-A30C-D2E59DD61C61}.Debug|Any CPU.Build.0 = Debug|Any CPU
		{5637ED34-2F89-474E-A30C-D2E59DD61C61}.Release|Any CPU.ActiveCfg = Release|Any CPU
		{5637ED34-2F89-474E-A30C-D2E59DD61C61}.Release|Any CPU.Build.0 = Release|Any CPU
	EndGlobalSection
	GlobalSection(SolutionProperties) = preSolution
		HideSolutionNode = FALSE
	EndGlobalSection
	GlobalSection(ExtensibilityGlobals) = postSolution
		SolutionGuid = {53C915A8-39F2-4896-A3FB-95C71A038911}
	EndGlobalSection
EndGlobal
